{
  "name": "greenspark",
  "lockfileVersion": 3,
  "requires": true,
  "packages": {
    "": {
      "dependencies": {
        "@tanstack/react-query": "^5.62.7"
      }
    },
    "node_modules/@tanstack/query-core": {
      "version": "5.62.7",
      "resolved": "https://registry.npmjs.org/@tanstack/query-core/-/query-core-5.62.7.tgz",
      "integrity": "sha512-fgpfmwatsrUal6V+8EC2cxZIQVl9xvL7qYa03gsdsCy985UTUlS4N+/3hCzwR0PclYDqisca2AqR1BVgJGpUDA==",
      "license": "MIT",
      "funding": {
        "type": "github",
        "url": "https://github.com/sponsors/tannerlinsley"
      }
    },
    "node_modules/@tanstack/react-query": {
      "version": "5.62.7",
      "resolved": "https://registry.npmjs.org/@tanstack/react-query/-/react-query-5.62.7.tgz",
      "integrity": "sha512-+xCtP4UAFDTlRTYyEjLx0sRtWyr5GIk7TZjZwBu4YaNahi3Rt2oMyRqfpfVrtwsqY2sayP4iXVCwmC+ZqqFmuw==",
      "license": "MIT",
      "dependencies": {
        "@tanstack/query-core": "5.62.7"
      },
      "funding": {
        "type": "github",
        "url": "https://github.com/sponsors/tannerlinsley"
      },
      "peerDependencies": {
        "react": "^18 || ^19"
      }
    }
  }
}
